// !$*UTF8*$!
{
	archiveVersion = 1;
	classes = {
	};
	objectVersion = 50;
	objects = {

/* Begin PBXBuildFile section */
		675E14CD2196468900CF4193 /* GroupString.swift in Sources */ = {isa = PBXBuildFile; fileRef = 675E14CC2196468900CF4193 /* GroupString.swift */; };
		675E14DB219F4FF300CF4193 /* MenuCell.swift in Sources */ = {isa = PBXBuildFile; fileRef = 675E14DA219F4FF300CF4193 /* MenuCell.swift */; };
		675E14E021A0B65500CF4193 /* Queue.swift in Sources */ = {isa = PBXBuildFile; fileRef = 675E14DF21A0B65500CF4193 /* Queue.swift */; };
		675E14E221A20BDB00CF4193 /* Line.swift in Sources */ = {isa = PBXBuildFile; fileRef = 675E14E121A20BDB00CF4193 /* Line.swift */; };
		67780B3421ABBA980023768C /* PatternController.swift in Sources */ = {isa = PBXBuildFile; fileRef = 67780B3321ABBA980023768C /* PatternController.swift */; };
		67780B3621ABBC0C0023768C /* FilterController.swift in Sources */ = {isa = PBXBuildFile; fileRef = 67780B3521ABBC0C0023768C /* FilterController.swift */; };
		67780B3821ACA5E20023768C /* CustomButton.swift in Sources */ = {isa = PBXBuildFile; fileRef = 67780B3721ACA5E20023768C /* CustomButton.swift */; };
		679A71FA218E3C48000F78F6 /* UIColorToRGB.swift in Sources */ = {isa = PBXBuildFile; fileRef = 679A71F9218E3C48000F78F6 /* UIColorToRGB.swift */; };
		67BE63C42150560A0020739F /* PeripheralCell.swift in Sources */ = {isa = PBXBuildFile; fileRef = 67BE63C32150560A0020739F /* PeripheralCell.swift */; };
		67C07D1621A5EED5004E00E6 /* MenuBar.swift in Sources */ = {isa = PBXBuildFile; fileRef = 67C07D1521A5EED5004E00E6 /* MenuBar.swift */; };
		67C07D1A21AB202D004E00E6 /* ColorController.swift in Sources */ = {isa = PBXBuildFile; fileRef = 67C07D1921AB202D004E00E6 /* ColorController.swift */; };
		67CFD76B214C07F300C9569B /* BLECentralViewController.swift in Sources */ = {isa = PBXBuildFile; fileRef = 67CFD76A214C07F300C9569B /* BLECentralViewController.swift */; };
		67CFD76D214C10FD00C9569B /* UUIDKey.swift in Sources */ = {isa = PBXBuildFile; fileRef = 67CFD76C214C10FD00C9569B /* UUIDKey.swift */; };
		67CFD76F214C3E2700C9569B /* UARTModuleViewController.swift in Sources */ = {isa = PBXBuildFile; fileRef = 67CFD76E214C3E2700C9569B /* UARTModuleViewController.swift */; };
		67F986E2214AE9E70058497D /* AppDelegate.swift in Sources */ = {isa = PBXBuildFile; fileRef = 67F986E1214AE9E70058497D /* AppDelegate.swift */; };
		67F986E7214AE9E70058497D /* Main.storyboard in Resources */ = {isa = PBXBuildFile; fileRef = 67F986E5214AE9E70058497D /* Main.storyboard */; };
		67F986E9214AE9E80058497D /* Assets.xcassets in Resources */ = {isa = PBXBuildFile; fileRef = 67F986E8214AE9E80058497D /* Assets.xcassets */; };
		67F986EC214AE9E80058497D /* LaunchScreen.storyboard in Resources */ = {isa = PBXBuildFile; fileRef = 67F986EA214AE9E80058497D /* LaunchScreen.storyboard */; };
/* End PBXBuildFile section */

/* Begin PBXFileReference section */
		675E14CC2196468900CF4193 /* GroupString.swift */ = {isa = PBXFileReference; lastKnownFileType = sourcecode.swift; path = GroupString.swift; sourceTree = "<group>"; };
		675E14DA219F4FF300CF4193 /* MenuCell.swift */ = {isa = PBXFileReference; lastKnownFileType = sourcecode.swift; path = MenuCell.swift; sourceTree = "<group>"; };
		675E14DF21A0B65500CF4193 /* Queue.swift */ = {isa = PBXFileReference; lastKnownFileType = sourcecode.swift; path = Queue.swift; sourceTree = "<group>"; };
		675E14E121A20BDB00CF4193 /* Line.swift */ = {isa = PBXFileReference; lastKnownFileType = sourcecode.swift; path = Line.swift; sourceTree = "<group>"; };
		67780B3321ABBA980023768C /* PatternController.swift */ = {isa = PBXFileReference; lastKnownFileType = sourcecode.swift; path = PatternController.swift; sourceTree = "<group>"; };
		67780B3521ABBC0C0023768C /* FilterController.swift */ = {isa = PBXFileReference; lastKnownFileType = sourcecode.swift; path = FilterController.swift; sourceTree = "<group>"; };
		67780B3721ACA5E20023768C /* CustomButton.swift */ = {isa = PBXFileReference; lastKnownFileType = sourcecode.swift; path = CustomButton.swift; sourceTree = "<group>"; };
		679A71F9218E3C48000F78F6 /* UIColorToRGB.swift */ = {isa = PBXFileReference; lastKnownFileType = sourcecode.swift; path = UIColorToRGB.swift; sourceTree = "<group>"; };
		67BE63C32150560A0020739F /* PeripheralCell.swift */ = {isa = PBXFileReference; lastKnownFileType = sourcecode.swift; path = PeripheralCell.swift; sourceTree = "<group>"; };
		67C07D1521A5EED5004E00E6 /* MenuBar.swift */ = {isa = PBXFileReference; lastKnownFileType = sourcecode.swift; path = MenuBar.swift; sourceTree = "<group>"; };
		67C07D1921AB202D004E00E6 /* ColorController.swift */ = {isa = PBXFileReference; lastKnownFileType = sourcecode.swift; path = ColorController.swift; sourceTree = "<group>"; };
		67CFD76A214C07F300C9569B /* BLECentralViewController.swift */ = {isa = PBXFileReference; lastKnownFileType = sourcecode.swift; path = BLECentralViewController.swift; sourceTree = "<group>"; };
		67CFD76C214C10FD00C9569B /* UUIDKey.swift */ = {isa = PBXFileReference; lastKnownFileType = sourcecode.swift; path = UUIDKey.swift; sourceTree = "<group>"; };
		67CFD76E214C3E2700C9569B /* UARTModuleViewController.swift */ = {isa = PBXFileReference; lastKnownFileType = sourcecode.swift; path = UARTModuleViewController.swift; sourceTree = "<group>"; };
		67F986DE214AE9E70058497D /* LEDCanvasApp.app */ = {isa = PBXFileReference; explicitFileType = wrapper.application; includeInIndex = 0; path = LEDCanvasApp.app; sourceTree = BUILT_PRODUCTS_DIR; };
		67F986E1214AE9E70058497D /* AppDelegate.swift */ = {isa = PBXFileReference; lastKnownFileType = sourcecode.swift; path = AppDelegate.swift; sourceTree = "<group>"; };
		67F986E6214AE9E70058497D /* Base */ = {isa = PBXFileReference; lastKnownFileType = file.storyboard; name = Base; path = Base.lproj/Main.storyboard; sourceTree = "<group>"; };
		67F986E8214AE9E80058497D /* Assets.xcassets */ = {isa = PBXFileReference; lastKnownFileType = folder.assetcatalog; path = Assets.xcassets; sourceTree = "<group>"; };
		67F986EB214AE9E80058497D /* Base */ = {isa = PBXFileReference; lastKnownFileType = file.storyboard; name = Base; path = Base.lproj/LaunchScreen.storyboard; sourceTree = "<group>"; };
		67F986ED214AE9E80058497D /* Info.plist */ = {isa = PBXFileReference; lastKnownFileType = text.plist.xml; path = Info.plist; sourceTree = "<group>"; };
/* End PBXFileReference section */

/* Begin PBXFrameworksBuildPhase section */
		67F986DB214AE9E70058497D /* Frameworks */ = {
			isa = PBXFrameworksBuildPhase;
			buildActionMask = 2147483647;
			files = (
			);
			runOnlyForDeploymentPostprocessing = 0;
		};
/* End PBXFrameworksBuildPhase section */

/* Begin PBXGroup section */
		675E14DC21A0A64400CF4193 /* Models */ = {
			isa = PBXGroup;
			children = (
				675E14DF21A0B65500CF4193 /* Queue.swift */,
				675E14E121A20BDB00CF4193 /* Line.swift */,
			);
			path = Models;
			sourceTree = "<group>";
		};
		679A71F8218E3C07000F78F6 /* Extensions */ = {
			isa = PBXGroup;
			children = (
				679A71F9218E3C48000F78F6 /* UIColorToRGB.swift */,
				675E14CC2196468900CF4193 /* GroupString.swift */,
			);
			path = Extensions;
			sourceTree = "<group>";
		};
		67BE63C5215056D60020739F /* View */ = {
			isa = PBXGroup;
			children = (
				67780B3721ACA5E20023768C /* CustomButton.swift */,
				67BE63C32150560A0020739F /* PeripheralCell.swift */,
				675E14DA219F4FF300CF4193 /* MenuCell.swift */,
				67C07D1521A5EED5004E00E6 /* MenuBar.swift */,
			);
			path = View;
			sourceTree = "<group>";
		};
		67BE63C6215057B30020739F /* Controller */ = {
			isa = PBXGroup;
			children = (
				67CFD76E214C3E2700C9569B /* UARTModuleViewController.swift */,
				67CFD76A214C07F300C9569B /* BLECentralViewController.swift */,
				67C07D1921AB202D004E00E6 /* ColorController.swift */,
				67780B3321ABBA980023768C /* PatternController.swift */,
				67780B3521ABBC0C0023768C /* FilterController.swift */,
			);
			path = Controller;
			sourceTree = "<group>";
		};
		67F986D5214AE9E70058497D = {
			isa = PBXGroup;
			children = (
				67F986E0214AE9E70058497D /* LEDCanvasApp */,
				67F986DF214AE9E70058497D /* Products */,
			);
			sourceTree = "<group>";
		};
		67F986DF214AE9E70058497D /* Products */ = {
			isa = PBXGroup;
			children = (
				67F986DE214AE9E70058497D /* LEDCanvasApp.app */,
			);
			name = Products;
			sourceTree = "<group>";
		};
		67F986E0214AE9E70058497D /* LEDCanvasApp */ = {
			isa = PBXGroup;
			children = (
				675E14DC21A0A64400CF4193 /* Models */,
				679A71F8218E3C07000F78F6 /* Extensions */,
				67BE63C6215057B30020739F /* Controller */,
				67BE63C5215056D60020739F /* View */,
				67F986E1214AE9E70058497D /* AppDelegate.swift */,
				67F986E5214AE9E70058497D /* Main.storyboard */,
				67F986E8214AE9E80058497D /* Assets.xcassets */,
				67F986EA214AE9E80058497D /* LaunchScreen.storyboard */,
				67F986ED214AE9E80058497D /* Info.plist */,
				67CFD76C214C10FD00C9569B /* UUIDKey.swift */,
			);
			path = LEDCanvasApp;
			sourceTree = "<group>";
		};
/* End PBXGroup section */

/* Begin PBXNativeTarget section */
		67F986DD214AE9E70058497D /* LEDCanvasApp */ = {
			isa = PBXNativeTarget;
			buildConfigurationList = 67F986F0214AE9E80058497D /* Build configuration list for PBXNativeTarget "LEDCanvasApp" */;
			buildPhases = (
				67F986DA214AE9E70058497D /* Sources */,
				67F986DB214AE9E70058497D /* Frameworks */,
				67F986DC214AE9E70058497D /* Resources */,
			);
			buildRules = (
			);
			dependencies = (
			);
			name = LEDCanvasApp;
			productName = LEDCanvasApp;
			productReference = 67F986DE214AE9E70058497D /* LEDCanvasApp.app */;
			productType = "com.apple.product-type.application";
		};
/* End PBXNativeTarget section */

/* Begin PBXProject section */
		67F986D6214AE9E70058497D /* Project object */ = {
			isa = PBXProject;
			attributes = {
				LastSwiftUpdateCheck = 0940;
				LastUpgradeCheck = 0940;
				ORGANIZATIONNAME = "Blaze Kotsenburg";
				TargetAttributes = {
					67F986DD214AE9E70058497D = {
						CreatedOnToolsVersion = 9.4.1;
					};
				};
			};
			buildConfigurationList = 67F986D9214AE9E70058497D /* Build configuration list for PBXProject "LEDCanvasApp" */;
			compatibilityVersion = "Xcode 9.3";
			developmentRegion = en;
			hasScannedForEncodings = 0;
			knownRegions = (
				en,
				Base,
			);
			mainGroup = 67F986D5214AE9E70058497D;
			productRefGroup = 67F986DF214AE9E70058497D /* Products */;
			projectDirPath = "";
			projectRoot = "";
			targets = (
				67F986DD214AE9E70058497D /* LEDCanvasApp */,
			);
		};
/* End PBXProject section */

/* Begin PBXResourcesBuildPhase section */
		67F986DC214AE9E70058497D /* Resources */ = {
			isa = PBXResourcesBuildPhase;
			buildActionMask = 2147483647;
			files = (
				67F986EC214AE9E80058497D /* LaunchScreen.storyboard in Resources */,
				67F986E9214AE9E80058497D /* Assets.xcassets in Resources */,
				67F986E7214AE9E70058497D /* Main.storyboard in Resources */,
			);
			runOnlyForDeploymentPostprocessing = 0;
		};
/* End PBXResourcesBuildPhase section */

/* Begin PBXSourcesBuildPhase section */
		67F986DA214AE9E70058497D /* Sources */ = {
			isa = PBXSourcesBuildPhase;
			buildActionMask = 2147483647;
			files = (
				67CFD76D214C10FD00C9569B /* UUIDKey.swift in Sources */,
				67BE63C42150560A0020739F /* PeripheralCell.swift in Sources */,
				67CFD76B214C07F300C9569B /* BLECentralViewController.swift in Sources */,
				675E14CD2196468900CF4193 /* GroupString.swift in Sources */,
				67F986E2214AE9E70058497D /* AppDelegate.swift in Sources */,
				67780B3421ABBA980023768C /* PatternController.swift in Sources */,
				675E14E221A20BDB00CF4193 /* Line.swift in Sources */,
				675E14E021A0B65500CF4193 /* Queue.swift in Sources */,
				67C07D1A21AB202D004E00E6 /* ColorController.swift in Sources */,
				679A71FA218E3C48000F78F6 /* UIColorToRGB.swift in Sources */,
				675E14DB219F4FF300CF4193 /* MenuCell.swift in Sources */,
				67C07D1621A5EED5004E00E6 /* MenuBar.swift in Sources */,
				67CFD76F214C3E2700C9569B /* UARTModuleViewController.swift in Sources */,
				67780B3621ABBC0C0023768C /* FilterController.swift in Sources */,
				67780B3821ACA5E20023768C /* CustomButton.swift in Sources */,
			);
			runOnlyForDeploymentPostprocessing = 0;
		};
/* End PBXSourcesBuildPhase section */

/* Begin PBXVariantGroup section */
		67F986E5214AE9E70058497D /* Main.storyboard */ = {
			isa = PBXVariantGroup;
			children = (
				67F986E6214AE9E70058497D /* Base */,
			);
			name = Main.storyboard;
			sourceTree = "<group>";
		};
		67F986EA214AE9E80058497D /* LaunchScreen.storyboard */ = {
			isa = PBXVariantGroup;
			children = (
				67F986EB214AE9E80058497D /* Base */,
			);
			name = LaunchScreen.storyboard;
			sourceTree = "<group>";
		};
/* End PBXVariantGroup section */

/* Begin XCBuildConfiguration section */
		67F986EE214AE9E80058497D /* Debug */ = {
			isa = XCBuildConfiguration;
			buildSettings = {
				ALWAYS_SEARCH_USER_PATHS = NO;
				CLANG_ANALYZER_NONNULL = YES;
				CLANG_ANALYZER_NUMBER_OBJECT_CONVERSION = YES_AGGRESSIVE;
				CLANG_CXX_LANGUAGE_STANDARD = "gnu++14";
				CLANG_CXX_LIBRARY = "libc++";
				CLANG_ENABLE_MODULES = YES;
				CLANG_ENABLE_OBJC_ARC = YES;
				CLANG_ENABLE_OBJC_WEAK = YES;
				CLANG_WARN_BLOCK_CAPTURE_AUTORELEASING = YES;
				CLANG_WARN_BOOL_CONVERSION = YES;
				CLANG_WARN_COMMA = YES;
				CLANG_WARN_CONSTANT_CONVERSION = YES;
				CLANG_WARN_DEPRECATED_OBJC_IMPLEMENTATIONS = YES;
				CLANG_WARN_DIRECT_OBJC_ISA_USAGE = YES_ERROR;
				CLANG_WARN_DOCUMENTATION_COMMENTS = YES;
				CLANG_WARN_EMPTY_BODY = YES;
				CLANG_WARN_ENUM_CONVERSION = YES;
				CLANG_WARN_INFINITE_RECURSION = YES;
				CLANG_WARN_INT_CONVERSION = YES;
				CLANG_WARN_NON_LITERAL_NULL_CONVERSION = YES;
				CLANG_WARN_OBJC_IMPLICIT_RETAIN_SELF = YES;
				CLANG_WARN_OBJC_LITERAL_CONVERSION = YES;
				CLANG_WARN_OBJC_ROOT_CLASS = YES_ERROR;
				CLANG_WARN_RANGE_LOOP_ANALYSIS = YES;
				CLANG_WARN_STRICT_PROTOTYPES = YES;
				CLANG_WARN_SUSPICIOUS_MOVE = YES;
				CLANG_WARN_UNGUARDED_AVAILABILITY = YES_AGGRESSIVE;
				CLANG_WARN_UNREACHABLE_CODE = YES;
				CLANG_WARN__DUPLICATE_METHOD_MATCH = YES;
				CODE_SIGN_IDENTITY = "iPhone Developer";
				COPY_PHASE_STRIP = NO;
				DEBUG_INFORMATION_FORMAT = dwarf;
				ENABLE_STRICT_OBJC_MSGSEND = YES;
				ENABLE_TESTABILITY = YES;
				GCC_C_LANGUAGE_STANDARD = gnu11;
				GCC_DYNAMIC_NO_PIC = NO;
				GCC_NO_COMMON_BLOCKS = YES;
				GCC_OPTIMIZATION_LEVEL = 0;
				GCC_PREPROCESSOR_DEFINITIONS = (
					"DEBUG=1",
					"$(inherited)",
				);
				GCC_WARN_64_TO_32_BIT_CONVERSION = YES;
				GCC_WARN_ABOUT_RETURN_TYPE = YES_ERROR;
				GCC_WARN_UNDECLARED_SELECTOR = YES;
				GCC_WARN_UNINITIALIZED_AUTOS = YES_AGGRESSIVE;
				GCC_WARN_UNUSED_FUNCTION = YES;
				GCC_WARN_UNUSED_VARIABLE = YES;
				IPHONEOS_DEPLOYMENT_TARGET = 11.4;
				MTL_ENABLE_DEBUG_INFO = YES;
				ONLY_ACTIVE_ARCH = YES;
				SDKROOT = iphoneos;
				SWIFT_ACTIVE_COMPILATION_CONDITIONS = DEBUG;
				SWIFT_OPTIMIZATION_LEVEL = "-Onone";
			};
			name = Debug;
		};
		67F986EF214AE9E80058497D /* Release */ = {
			isa = XCBuildConfiguration;
			buildSettings = {
				ALWAYS_SEARCH_USER_PATHS = NO;
				CLANG_ANALYZER_NONNULL = YES;
				CLANG_ANALYZER_NUMBER_OBJECT_CONVERSION = YES_AGGRESSIVE;
				CLANG_CXX_LANGUAGE_STANDARD = "gnu++14";
				CLANG_CXX_LIBRARY = "libc++";
				CLANG_ENABLE_MODULES = YES;
				CLANG_ENABLE_OBJC_ARC = YES;
				CLANG_ENABLE_OBJC_WEAK = YES;
				CLANG_WARN_BLOCK_CAPTURE_AUTORELEASING = YES;
				CLANG_WARN_BOOL_CONVERSION = YES;
				CLANG_WARN_COMMA = YES;
				CLANG_WARN_CONSTANT_CONVERSION = YES;
				CLANG_WARN_DEPRECATED_OBJC_IMPLEMENTATIONS = YES;
				CLANG_WARN_DIRECT_OBJC_ISA_USAGE = YES_ERROR;
				CLANG_WARN_DOCUMENTATION_COMMENTS = YES;
				CLANG_WARN_EMPTY_BODY = YES;
				CLANG_WARN_ENUM_CONVERSION = YES;
				CLANG_WARN_INFINITE_RECURSION = YES;
				CLANG_WARN_INT_CONVERSION = YES;
				CLANG_WARN_NON_LITERAL_NULL_CONVERSION = YES;
				CLANG_WARN_OBJC_IMPLICIT_RETAIN_SELF = YES;
				CLANG_WARN_OBJC_LITERAL_CONVERSION = YES;
				CLANG_WARN_OBJC_ROOT_CLASS = YES_ERROR;
				CLANG_WARN_RANGE_LOOP_ANALYSIS = YES;
				CLANG_WARN_STRICT_PROTOTYPES = YES;
				CLANG_WARN_SUSPICIOUS_MOVE = YES;
				CLANG_WARN_UNGUARDED_AVAILABILITY = YES_AGGRESSIVE;
				CLANG_WARN_UNREACHABLE_CODE = YES;
				CLANG_WARN__DUPLICATE_METHOD_MATCH = YES;
				CODE_SIGN_IDENTITY = "iPhone Developer";
				COPY_PHASE_STRIP = NO;
				DEBUG_INFORMATION_FORMAT = "dwarf-with-dsym";
				ENABLE_NS_ASSERTIONS = NO;
				ENABLE_STRICT_OBJC_MSGSEND = YES;
				GCC_C_LANGUAGE_STANDARD = gnu11;
				GCC_NO_COMMON_BLOCKS = YES;
				GCC_WARN_64_TO_32_BIT_CONVERSION = YES;
				GCC_WARN_ABOUT_RETURN_TYPE = YES_ERROR;
				GCC_WARN_UNDECLARED_SELECTOR = YES;
				GCC_WARN_UNINITIALIZED_AUTOS = YES_AGGRESSIVE;
				GCC_WARN_UNUSED_FUNCTION = YES;
				GCC_WARN_UNUSED_VARIABLE = YES;
				IPHONEOS_DEPLOYMENT_TARGET = 11.4;
				MTL_ENABLE_DEBUG_INFO = NO;
				SDKROOT = iphoneos;
				SWIFT_COMPILATION_MODE = wholemodule;
				SWIFT_OPTIMIZATION_LEVEL = "-O";
				VALIDATE_PRODUCT = YES;
			};
			name = Release;
		};
		67F986F1214AE9E80058497D /* Debug */ = {
			isa = XCBuildConfiguration;
			buildSettings = {
				ASSETCATALOG_COMPILER_APPICON_NAME = AppIcon;
				CODE_SIGN_STYLE = Automatic;
				DEVELOPMENT_TEAM = XUXQT2MRMQ;
				INFOPLIST_FILE = LEDCanvasApp/Info.plist;
				LD_RUNPATH_SEARCH_PATHS = (
					"$(inherited)",
					"@executable_path/Frameworks",
				);
				PRODUCT_BUNDLE_IDENTIFIER = com.blazekotsenburg.LEDCanvasApp;
				PRODUCT_NAME = "$(TARGET_NAME)";
				SWIFT_VERSION = 4.0;
				TARGETED_DEVICE_FAMILY = 2;
			};
			name = Debug;
		};
		67F986F2214AE9E80058497D /* Release */ = {
			isa = XCBuildConfiguration;
			buildSettings = {
				ASSETCATALOG_COMPILER_APPICON_NAME = AppIcon;
				CODE_SIGN_STYLE = Automatic;
				DEVELOPMENT_TEAM = XUXQT2MRMQ;
				INFOPLIST_FILE = LEDCanvasApp/Info.plist;
				LD_RUNPATH_SEARCH_PATHS = (
					"$(inherited)",
					"@executable_path/Frameworks",
				);
				PRODUCT_BUNDLE_IDENTIFIER = com.blazekotsenburg.LEDCanvasApp;
				PRODUCT_NAME = "$(TARGET_NAME)";
				SWIFT_VERSION = 4.0;
				TARGETED_DEVICE_FAMILY = 2;
			};
			name = Release;
		};
/* End XCBuildConfiguration section */

/* Begin XCConfigurationList section */
		67F986D9214AE9E70058497D /* Build configuration list for PBXProject "LEDCanvasApp" */ = {
			isa = XCConfigurationList;
			buildConfigurations = (
				67F986EE214AE9E80058497D /* Debug */,
				67F986EF214AE9E80058497D /* Release */,
			);
			defaultConfigurationIsVisible = 0;
			defaultConfigurationName = Release;
		};
		67F986F0214AE9E80058497D /* Build configuration list for PBXNativeTarget "LEDCanvasApp" */ = {
			isa = XCConfigurationList;
			buildConfigurations = (
				67F986F1214AE9E80058497D /* Debug */,
				67F986F2214AE9E80058497D /* Release */,
			);
			defaultConfigurationIsVisible = 0;
			defaultConfigurationName = Release;
		};
/* End XCConfigurationList section */
	};
	rootObject = 67F986D6214AE9E70058497D /* Project object */;
}
